// !$*UTF8*$!
{
	archiveVersion = 1;
	classes = {
	};
	objectVersion = 56;
	objects = {

/* Begin PBXBuildFile section */
		F8417C65290A7A5200415558 /* AppDelegate.swift in Sources */ = {isa = PBXBuildFile; fileRef = F8417C64290A7A5200415558 /* AppDelegate.swift */; };
		F8417C67290A7A5200415558 /* MainView.swift in Sources */ = {isa = PBXBuildFile; fileRef = F8417C66290A7A5200415558 /* MainView.swift */; };
		F8417C6E290A7A5300415558 /* Preview Assets.xcassets in Resources */ = {isa = PBXBuildFile; fileRef = F8417C6D290A7A5300415558 /* Preview Assets.xcassets */; };
		F8417C77290A7D7100415558 /* ARViewContainer.swift in Sources */ = {isa = PBXBuildFile; fileRef = F8417C76290A7D7100415558 /* ARViewContainer.swift */; };
		F8417C79290A813200415558 /* MainARView.swift in Sources */ = {isa = PBXBuildFile; fileRef = F8417C78290A813200415558 /* MainARView.swift */; };
		F8417C7B290A83B600415558 /* MainARViewController.swift in Sources */ = {isa = PBXBuildFile; fileRef = F8417C7A290A83B600415558 /* MainARViewController.swift */; };
		F8417C81290A899C00415558 /* UIColor+Extension.swift in Sources */ = {isa = PBXBuildFile; fileRef = F8417C80290A899C00415558 /* UIColor+Extension.swift */; };
		F8417C83290AD0E100415558 /* ARView+Extension.swift in Sources */ = {isa = PBXBuildFile; fileRef = F8417C82290AD0E100415558 /* ARView+Extension.swift */; };
		F8417C88290C086B00415558 /* MainARVCSessionDelegate.swift in Sources */ = {isa = PBXBuildFile; fileRef = F8417C87290C086B00415558 /* MainARVCSessionDelegate.swift */; };
		F8417C91290C0A8B00415558 /* Constans.swift in Sources */ = {isa = PBXBuildFile; fileRef = F8417C90290C0A8B00415558 /* Constans.swift */; };
		F8417C95290C0EBA00415558 /* Assets.xcassets in Resources */ = {isa = PBXBuildFile; fileRef = F8417C94290C0EBA00415558 /* Assets.xcassets */; };
		F84DA8C3290D535300910269 /* MoveButton.swift in Sources */ = {isa = PBXBuildFile; fileRef = F84DA8C2290D535300910269 /* MoveButton.swift */; };
		F85085E7290DA92A0043CED7 /* crystal.usdz in Resources */ = {isa = PBXBuildFile; fileRef = F85085E4290DA92A0043CED7 /* crystal.usdz */; };
		F85085E8290DA92A0043CED7 /* crystal2.usdz in Resources */ = {isa = PBXBuildFile; fileRef = F85085E5290DA92A0043CED7 /* crystal2.usdz */; };
		F85085E9290DA92A0043CED7 /* crystal3.usdz in Resources */ = {isa = PBXBuildFile; fileRef = F85085E6290DA92A0043CED7 /* crystal3.usdz */; };
		F85085ED290E80B60043CED7 /* MainARVCPressGesture.swift in Sources */ = {isa = PBXBuildFile; fileRef = F85085EC290E80B60043CED7 /* MainARVCPressGesture.swift */; };
		F88B7912290F246B00E33998 /* Float+Extension.swift in Sources */ = {isa = PBXBuildFile; fileRef = F88B7911290F246B00E33998 /* Float+Extension.swift */; };
		F88B7916290FF36100E33998 /* MainARVCReferenceImagesDynamicLoading.swift in Sources */ = {isa = PBXBuildFile; fileRef = F88B7915290FF36100E33998 /* MainARVCReferenceImagesDynamicLoading.swift */; };
		F88B7919291006CB00E33998 /* NetworkingManager.swift in Sources */ = {isa = PBXBuildFile; fileRef = F88B7918291006CB00E33998 /* NetworkingManager.swift */; };
		F8E792D3290EE71200847727 /* coin1.usdz in Resources */ = {isa = PBXBuildFile; fileRef = F8E792D2290EE71200847727 /* coin1.usdz */; };
/* End PBXBuildFile section */

/* Begin PBXFileReference section */
		F8417C61290A7A5200415558 /* TestForMixar.app */ = {isa = PBXFileReference; explicitFileType = wrapper.application; includeInIndex = 0; path = TestForMixar.app; sourceTree = BUILT_PRODUCTS_DIR; };
		F8417C64290A7A5200415558 /* AppDelegate.swift */ = {isa = PBXFileReference; lastKnownFileType = sourcecode.swift; path = AppDelegate.swift; sourceTree = "<group>"; };
		F8417C66290A7A5200415558 /* MainView.swift */ = {isa = PBXFileReference; lastKnownFileType = sourcecode.swift; path = MainView.swift; sourceTree = "<group>"; };
		F8417C6D290A7A5300415558 /* Preview Assets.xcassets */ = {isa = PBXFileReference; lastKnownFileType = folder.assetcatalog; path = "Preview Assets.xcassets"; sourceTree = "<group>"; };
		F8417C76290A7D7100415558 /* ARViewContainer.swift */ = {isa = PBXFileReference; lastKnownFileType = sourcecode.swift; path = ARViewContainer.swift; sourceTree = "<group>"; };
		F8417C78290A813200415558 /* MainARView.swift */ = {isa = PBXFileReference; lastKnownFileType = sourcecode.swift; path = MainARView.swift; sourceTree = "<group>"; };
		F8417C7A290A83B600415558 /* MainARViewController.swift */ = {isa = PBXFileReference; lastKnownFileType = sourcecode.swift; path = MainARViewController.swift; sourceTree = "<group>"; };
		F8417C80290A899C00415558 /* UIColor+Extension.swift */ = {isa = PBXFileReference; lastKnownFileType = sourcecode.swift; path = "UIColor+Extension.swift"; sourceTree = "<group>"; };
		F8417C82290AD0E100415558 /* ARView+Extension.swift */ = {isa = PBXFileReference; lastKnownFileType = sourcecode.swift; path = "ARView+Extension.swift"; sourceTree = "<group>"; };
		F8417C87290C086B00415558 /* MainARVCSessionDelegate.swift */ = {isa = PBXFileReference; lastKnownFileType = sourcecode.swift; path = MainARVCSessionDelegate.swift; sourceTree = "<group>"; };
		F8417C90290C0A8B00415558 /* Constans.swift */ = {isa = PBXFileReference; lastKnownFileType = sourcecode.swift; path = Constans.swift; sourceTree = "<group>"; };
		F8417C94290C0EBA00415558 /* Assets.xcassets */ = {isa = PBXFileReference; lastKnownFileType = folder.assetcatalog; path = Assets.xcassets; sourceTree = "<group>"; };
		F84DA8C2290D535300910269 /* MoveButton.swift */ = {isa = PBXFileReference; lastKnownFileType = sourcecode.swift; path = MoveButton.swift; sourceTree = "<group>"; };
		F85085E4290DA92A0043CED7 /* crystal.usdz */ = {isa = PBXFileReference; lastKnownFileType = file.usdz; path = crystal.usdz; sourceTree = "<group>"; };
		F85085E5290DA92A0043CED7 /* crystal2.usdz */ = {isa = PBXFileReference; lastKnownFileType = file.usdz; path = crystal2.usdz; sourceTree = "<group>"; };
		F85085E6290DA92A0043CED7 /* crystal3.usdz */ = {isa = PBXFileReference; lastKnownFileType = file.usdz; path = crystal3.usdz; sourceTree = "<group>"; };
		F85085EC290E80B60043CED7 /* MainARVCPressGesture.swift */ = {isa = PBXFileReference; lastKnownFileType = sourcecode.swift; path = MainARVCPressGesture.swift; sourceTree = "<group>"; };
		F88B7911290F246B00E33998 /* Float+Extension.swift */ = {isa = PBXFileReference; lastKnownFileType = sourcecode.swift; path = "Float+Extension.swift"; sourceTree = "<group>"; };
		F88B7915290FF36100E33998 /* MainARVCReferenceImagesDynamicLoading.swift */ = {isa = PBXFileReference; lastKnownFileType = sourcecode.swift; path = MainARVCReferenceImagesDynamicLoading.swift; sourceTree = "<group>"; };
		F88B7918291006CB00E33998 /* NetworkingManager.swift */ = {isa = PBXFileReference; lastKnownFileType = sourcecode.swift; path = NetworkingManager.swift; sourceTree = "<group>"; };
		F8E792D2290EE71200847727 /* coin1.usdz */ = {isa = PBXFileReference; lastKnownFileType = file.usdz; path = coin1.usdz; sourceTree = "<group>"; };
/* End PBXFileReference section */

/* Begin PBXFrameworksBuildPhase section */
		F8417C5E290A7A5200415558 /* Frameworks */ = {
			isa = PBXFrameworksBuildPhase;
			buildActionMask = 2147483647;
			files = (
			);
			runOnlyForDeploymentPostprocessing = 0;
		};
/* End PBXFrameworksBuildPhase section */

/* Begin PBXGroup section */
		F8417C58290A7A5200415558 = {
			isa = PBXGroup;
			children = (
				F8417C63290A7A5200415558 /* TestForMixar */,
				F8417C62290A7A5200415558 /* Products */,
			);
			sourceTree = "<group>";
		};
		F8417C62290A7A5200415558 /* Products */ = {
			isa = PBXGroup;
			children = (
				F8417C61290A7A5200415558 /* TestForMixar.app */,
			);
			name = Products;
			sourceTree = "<group>";
		};
		F8417C63290A7A5200415558 /* TestForMixar */ = {
			isa = PBXGroup;
			children = (
				F8417C7D290A886D00415558 /* App */,
				F8417C7E290A88F300415558 /* Views */,
				F8417C7F290A892200415558 /* ViewControllers */,
				F8417C7C290A886300415558 /* Extensions */,
				F8417C84290BE6FC00415558 /* Resource */,
				F8417C8F290C0A2800415558 /* Helpers */,
				F88B79172910060600E33998 /* Managers */,
				F8417C6C290A7A5300415558 /* Preview Content */,
			);
			path = TestForMixar;
			sourceTree = "<group>";
		};
		F8417C6C290A7A5300415558 /* Preview Content */ = {
			isa = PBXGroup;
			children = (
				F8417C6D290A7A5300415558 /* Preview Assets.xcassets */,
			);
			path = "Preview Content";
			sourceTree = "<group>";
		};
		F8417C7C290A886300415558 /* Extensions */ = {
			isa = PBXGroup;
			children = (
				F8417C80290A899C00415558 /* UIColor+Extension.swift */,
				F88B7911290F246B00E33998 /* Float+Extension.swift */,
				F8417C82290AD0E100415558 /* ARView+Extension.swift */,
				F8417C87290C086B00415558 /* MainARVCSessionDelegate.swift */,
				F85085EC290E80B60043CED7 /* MainARVCPressGesture.swift */,
				F88B7915290FF36100E33998 /* MainARVCReferenceImagesDynamicLoading.swift */,
			);
			path = Extensions;
			sourceTree = "<group>";
		};
		F8417C7D290A886D00415558 /* App */ = {
			isa = PBXGroup;
			children = (
				F8417C64290A7A5200415558 /* AppDelegate.swift */,
			);
			path = App;
			sourceTree = "<group>";
		};
		F8417C7E290A88F300415558 /* Views */ = {
			isa = PBXGroup;
			children = (
				F8417C66290A7A5200415558 /* MainView.swift */,
				F8417C78290A813200415558 /* MainARView.swift */,
				F84DA8C2290D535300910269 /* MoveButton.swift */,
			);
			path = Views;
			sourceTree = "<group>";
		};
		F8417C7F290A892200415558 /* ViewControllers */ = {
			isa = PBXGroup;
			children = (
				F8417C76290A7D7100415558 /* ARViewContainer.swift */,
				F8417C7A290A83B600415558 /* MainARViewController.swift */,
			);
			path = ViewControllers;
			sourceTree = "<group>";
		};
		F8417C84290BE6FC00415558 /* Resource */ = {
			isa = PBXGroup;
			children = (
				F8417C94290C0EBA00415558 /* Assets.xcassets */,
				F85085E3290DA8600043CED7 /* ARModels */,
			);
			path = Resource;
			sourceTree = "<group>";
		};
		F8417C8F290C0A2800415558 /* Helpers */ = {
			isa = PBXGroup;
			children = (
				F8417C90290C0A8B00415558 /* Constans.swift */,
			);
			path = Helpers;
			sourceTree = "<group>";
		};
		F85085E3290DA8600043CED7 /* ARModels */ = {
			isa = PBXGroup;
			children = (
				F85085E4290DA92A0043CED7 /* crystal.usdz */,
				F85085E5290DA92A0043CED7 /* crystal2.usdz */,
				F85085E6290DA92A0043CED7 /* crystal3.usdz */,
				F8E792D2290EE71200847727 /* coin1.usdz */,
			);
			path = ARModels;
			sourceTree = "<group>";
		};
		F88B79172910060600E33998 /* Managers */ = {
			isa = PBXGroup;
			children = (
				F88B7918291006CB00E33998 /* NetworkingManager.swift */,
			);
			path = Managers;
			sourceTree = "<group>";
		};
/* End PBXGroup section */

/* Begin PBXNativeTarget section */
		F8417C60290A7A5200415558 /* TestForMixar */ = {
			isa = PBXNativeTarget;
			buildConfigurationList = F8417C71290A7A5300415558 /* Build configuration list for PBXNativeTarget "TestForMixar" */;
			buildPhases = (
				F8417C5D290A7A5200415558 /* Sources */,
				F8417C5E290A7A5200415558 /* Frameworks */,
				F8417C5F290A7A5200415558 /* Resources */,
			);
			buildRules = (
			);
			dependencies = (
			);
			name = TestForMixar;
			productName = TestForMixar;
			productReference = F8417C61290A7A5200415558 /* TestForMixar.app */;
			productType = "com.apple.product-type.application";
		};
/* End PBXNativeTarget section */

/* Begin PBXProject section */
		F8417C59290A7A5200415558 /* Project object */ = {
			isa = PBXProject;
			attributes = {
				BuildIndependentTargetsInParallel = 1;
				LastSwiftUpdateCheck = 1400;
				LastUpgradeCheck = 1400;
				TargetAttributes = {
					F8417C60290A7A5200415558 = {
						CreatedOnToolsVersion = 14.0.1;
					};
				};
			};
			buildConfigurationList = F8417C5C290A7A5200415558 /* Build configuration list for PBXProject "TestForMixar" */;
			compatibilityVersion = "Xcode 14.0";
			developmentRegion = en;
			hasScannedForEncodings = 0;
			knownRegions = (
				en,
				Base,
			);
			mainGroup = F8417C58290A7A5200415558;
			productRefGroup = F8417C62290A7A5200415558 /* Products */;
			projectDirPath = "";
			projectRoot = "";
			targets = (
				F8417C60290A7A5200415558 /* TestForMixar */,
			);
		};
/* End PBXProject section */

/* Begin PBXResourcesBuildPhase section */
		F8417C5F290A7A5200415558 /* Resources */ = {
			isa = PBXResourcesBuildPhase;
			buildActionMask = 2147483647;
			files = (
				F85085E8290DA92A0043CED7 /* crystal2.usdz in Resources */,
				F8417C6E290A7A5300415558 /* Preview Assets.xcassets in Resources */,
				F85085E7290DA92A0043CED7 /* crystal.usdz in Resources */,
				F85085E9290DA92A0043CED7 /* crystal3.usdz in Resources */,
				F8E792D3290EE71200847727 /* coin1.usdz in Resources */,
				F8417C95290C0EBA00415558 /* Assets.xcassets in Resources */,
			);
			runOnlyForDeploymentPostprocessing = 0;
		};
/* End PBXResourcesBuildPhase section */

/* Begin PBXSourcesBuildPhase section */
		F8417C5D290A7A5200415558 /* Sources */ = {
			isa = PBXSourcesBuildPhase;
			buildActionMask = 2147483647;
			files = (
				F85085ED290E80B60043CED7 /* MainARVCPressGesture.swift in Sources */,
				F88B7916290FF36100E33998 /* MainARVCReferenceImagesDynamicLoading.swift in Sources */,
				F8417C67290A7A5200415558 /* MainView.swift in Sources */,
				F8417C88290C086B00415558 /* MainARVCSessionDelegate.swift in Sources */,
				F8417C91290C0A8B00415558 /* Constans.swift in Sources */,
				F8417C83290AD0E100415558 /* ARView+Extension.swift in Sources */,
				F8417C77290A7D7100415558 /* ARViewContainer.swift in Sources */,
				F8417C79290A813200415558 /* MainARView.swift in Sources */,
				F8417C7B290A83B600415558 /* MainARViewController.swift in Sources */,
				F8417C65290A7A5200415558 /* AppDelegate.swift in Sources */,
				F84DA8C3290D535300910269 /* MoveButton.swift in Sources */,
				F88B7912290F246B00E33998 /* Float+Extension.swift in Sources */,
				F8417C81290A899C00415558 /* UIColor+Extension.swift in Sources */,
				F88B7919291006CB00E33998 /* NetworkingManager.swift in Sources */,
			);
			runOnlyForDeploymentPostprocessing = 0;
		};
/* End PBXSourcesBuildPhase section */

/* Begin XCBuildConfiguration section */
		F8417C6F290A7A5300415558 /* Debug */ = {
			isa = XCBuildConfiguration;
			buildSettings = {
				ALWAYS_SEARCH_USER_PATHS = NO;
				CLANG_ANALYZER_NONNULL = YES;
				CLANG_ANALYZER_NUMBER_OBJECT_CONVERSION = YES_AGGRESSIVE;
				CLANG_CXX_LANGUAGE_STANDARD = "gnu++20";
				CLANG_ENABLE_MODULES = YES;
				CLANG_ENABLE_OBJC_ARC = YES;
				CLANG_ENABLE_OBJC_WEAK = YES;
				CLANG_WARN_BLOCK_CAPTURE_AUTORELEASING = YES;
				CLANG_WARN_BOOL_CONVERSION = YES;
				CLANG_WARN_COMMA = YES;
				CLANG_WARN_CONSTANT_CONVERSION = YES;
				CLANG_WARN_DEPRECATED_OBJC_IMPLEMENTATIONS = YES;
				CLANG_WARN_DIRECT_OBJC_ISA_USAGE = YES_ERROR;
				CLANG_WARN_DOCUMENTATION_COMMENTS = YES;
				CLANG_WARN_EMPTY_BODY = YES;
				CLANG_WARN_ENUM_CONVERSION = YES;
				CLANG_WARN_INFINITE_RECURSION = YES;
				CLANG_WARN_INT_CONVERSION = YES;
				CLANG_WARN_NON_LITERAL_NULL_CONVERSION = YES;
				CLANG_WARN_OBJC_IMPLICIT_RETAIN_SELF = YES;
				CLANG_WARN_OBJC_LITERAL_CONVERSION = YES;
				CLANG_WARN_OBJC_ROOT_CLASS = YES_ERROR;
				CLANG_WARN_QUOTED_INCLUDE_IN_FRAMEWORK_HEADER = YES;
				CLANG_WARN_RANGE_LOOP_ANALYSIS = YES;
				CLANG_WARN_STRICT_PROTOTYPES = YES;
				CLANG_WARN_SUSPICIOUS_MOVE = YES;
				CLANG_WARN_UNGUARDED_AVAILABILITY = YES_AGGRESSIVE;
				CLANG_WARN_UNREACHABLE_CODE = YES;
				CLANG_WARN__DUPLICATE_METHOD_MATCH = YES;
				COPY_PHASE_STRIP = NO;
				DEBUG_INFORMATION_FORMAT = dwarf;
				ENABLE_STRICT_OBJC_MSGSEND = YES;
				ENABLE_TESTABILITY = YES;
				GCC_C_LANGUAGE_STANDARD = gnu11;
				GCC_DYNAMIC_NO_PIC = NO;
				GCC_NO_COMMON_BLOCKS = YES;
				GCC_OPTIMIZATION_LEVEL = 0;
				GCC_PREPROCESSOR_DEFINITIONS = (
					"DEBUG=1",
					"$(inherited)",
				);
				GCC_WARN_64_TO_32_BIT_CONVERSION = YES;
				GCC_WARN_ABOUT_RETURN_TYPE = YES_ERROR;
				GCC_WARN_UNDECLARED_SELECTOR = YES;
				GCC_WARN_UNINITIALIZED_AUTOS = YES_AGGRESSIVE;
				GCC_WARN_UNUSED_FUNCTION = YES;
				GCC_WARN_UNUSED_VARIABLE = YES;
				IPHONEOS_DEPLOYMENT_TARGET = 16.0;
				MTL_ENABLE_DEBUG_INFO = INCLUDE_SOURCE;
				MTL_FAST_MATH = YES;
				ONLY_ACTIVE_ARCH = YES;
				SDKROOT = iphoneos;
				SWIFT_ACTIVE_COMPILATION_CONDITIONS = DEBUG;
				SWIFT_OPTIMIZATION_LEVEL = "-Onone";
			};
			name = Debug;
		};
		F8417C70290A7A5300415558 /* Release */ = {
			isa = XCBuildConfiguration;
			buildSettings = {
				ALWAYS_SEARCH_USER_PATHS = NO;
				CLANG_ANALYZER_NONNULL = YES;
				CLANG_ANALYZER_NUMBER_OBJECT_CONVERSION = YES_AGGRESSIVE;
				CLANG_CXX_LANGUAGE_STANDARD = "gnu++20";
				CLANG_ENABLE_MODULES = YES;
				CLANG_ENABLE_OBJC_ARC = YES;
				CLANG_ENABLE_OBJC_WEAK = YES;
				CLANG_WARN_BLOCK_CAPTURE_AUTORELEASING = YES;
				CLANG_WARN_BOOL_CONVERSION = YES;
				CLANG_WARN_COMMA = YES;
				CLANG_WARN_CONSTANT_CONVERSION = YES;
				CLANG_WARN_DEPRECATED_OBJC_IMPLEMENTATIONS = YES;
				CLANG_WARN_DIRECT_OBJC_ISA_USAGE = YES_ERROR;
				CLANG_WARN_DOCUMENTATION_COMMENTS = YES;
				CLANG_WARN_EMPTY_BODY = YES;
				CLANG_WARN_ENUM_CONVERSION = YES;
				CLANG_WARN_INFINITE_RECURSION = YES;
				CLANG_WARN_INT_CONVERSION = YES;
				CLANG_WARN_NON_LITERAL_NULL_CONVERSION = YES;
				CLANG_WARN_OBJC_IMPLICIT_RETAIN_SELF = YES;
				CLANG_WARN_OBJC_LITERAL_CONVERSION = YES;
				CLANG_WARN_OBJC_ROOT_CLASS = YES_ERROR;
				CLANG_WARN_QUOTED_INCLUDE_IN_FRAMEWORK_HEADER = YES;
				CLANG_WARN_RANGE_LOOP_ANALYSIS = YES;
				CLANG_WARN_STRICT_PROTOTYPES = YES;
				CLANG_WARN_SUSPICIOUS_MOVE = YES;
				CLANG_WARN_UNGUARDED_AVAILABILITY = YES_AGGRESSIVE;
				CLANG_WARN_UNREACHABLE_CODE = YES;
				CLANG_WARN__DUPLICATE_METHOD_MATCH = YES;
				COPY_PHASE_STRIP = NO;
				DEBUG_INFORMATION_FORMAT = "dwarf-with-dsym";
				ENABLE_NS_ASSERTIONS = NO;
				ENABLE_STRICT_OBJC_MSGSEND = YES;
				GCC_C_LANGUAGE_STANDARD = gnu11;
				GCC_NO_COMMON_BLOCKS = YES;
				GCC_WARN_64_TO_32_BIT_CONVERSION = YES;
				GCC_WARN_ABOUT_RETURN_TYPE = YES_ERROR;
				GCC_WARN_UNDECLARED_SELECTOR = YES;
				GCC_WARN_UNINITIALIZED_AUTOS = YES_AGGRESSIVE;
				GCC_WARN_UNUSED_FUNCTION = YES;
				GCC_WARN_UNUSED_VARIABLE = YES;
				IPHONEOS_DEPLOYMENT_TARGET = 16.0;
				MTL_ENABLE_DEBUG_INFO = NO;
				MTL_FAST_MATH = YES;
				SDKROOT = iphoneos;
				SWIFT_COMPILATION_MODE = wholemodule;
				SWIFT_OPTIMIZATION_LEVEL = "-O";
				VALIDATE_PRODUCT = YES;
			};
			name = Release;
		};
		F8417C72290A7A5300415558 /* Debug */ = {
			isa = XCBuildConfiguration;
			buildSettings = {
				ASSETCATALOG_COMPILER_APPICON_NAME = AppIcon;
				ASSETCATALOG_COMPILER_GLOBAL_ACCENT_COLOR_NAME = AccentColor;
				CODE_SIGN_STYLE = Automatic;
				CURRENT_PROJECT_VERSION = 1;
				DEVELOPMENT_ASSET_PATHS = "\"TestForMixar/Preview Content\"";
				DEVELOPMENT_TEAM = H5J3S6F67R;
				ENABLE_PREVIEWS = YES;
				GENERATE_INFOPLIST_FILE = YES;
				INFOPLIST_KEY_NSCameraUsageDescription = "";
				INFOPLIST_KEY_UIApplicationSupportsIndirectInputEvents = YES;
				INFOPLIST_KEY_UILaunchScreen_Generation = YES;
				INFOPLIST_KEY_UIRequiredDeviceCapabilities = arkit;
				INFOPLIST_KEY_UIStatusBarHidden = YES;
				INFOPLIST_KEY_UISupportedInterfaceOrientations = "UIInterfaceOrientationLandscapeLeft UIInterfaceOrientationLandscapeRight UIInterfaceOrientationPortrait";
				INFOPLIST_KEY_UISupportedInterfaceOrientations_iPad = "UIInterfaceOrientationLandscapeLeft UIInterfaceOrientationLandscapeRight UIInterfaceOrientationPortrait UIInterfaceOrientationPortraitUpsideDown";
				LD_RUNPATH_SEARCH_PATHS = (
					"$(inherited)",
					"@executable_path/Frameworks",
				);
				MARKETING_VERSION = 1.0;
				PRODUCT_BUNDLE_IDENTIFIER = com.pal.artem.TestForMixar;
				PRODUCT_NAME = "$(TARGET_NAME)";
				SWIFT_EMIT_LOC_STRINGS = YES;
				SWIFT_VERSION = 5.0;
				TARGETED_DEVICE_FAMILY = "1,2";
			};
			name = Debug;
		};
		F8417C73290A7A5300415558 /* Release */ = {
			isa = XCBuildConfiguration;
			buildSettings = {
				ASSETCATALOG_COMPILER_APPICON_NAME = AppIcon;
				ASSETCATALOG_COMPILER_GLOBAL_ACCENT_COLOR_NAME = AccentColor;
				CODE_SIGN_STYLE = Automatic;
				CURRENT_PROJECT_VERSION = 1;
				DEVELOPMENT_ASSET_PATHS = "\"TestForMixar/Preview Content\"";
				DEVELOPMENT_TEAM = H5J3S6F67R;
				ENABLE_PREVIEWS = YES;
				GENERATE_INFOPLIST_FILE = YES;
				INFOPLIST_KEY_NSCameraUsageDescription = "";
				INFOPLIST_KEY_UIApplicationSupportsIndirectInputEvents = YES;
				INFOPLIST_KEY_UILaunchScreen_Generation = YES;
				INFOPLIST_KEY_UIRequiredDeviceCapabilities = arkit;
				INFOPLIST_KEY_UIStatusBarHidden = YES;
				INFOPLIST_KEY_UISupportedInterfaceOrientations = "UIInterfaceOrientationLandscapeLeft UIInterfaceOrientationLandscapeRight UIInterfaceOrientationPortrait";
				INFOPLIST_KEY_UISupportedInterfaceOrientations_iPad = "UIInterfaceOrientationLandscapeLeft UIInterfaceOrientationLandscapeRight UIInterfaceOrientationPortrait UIInterfaceOrientationPortraitUpsideDown";
				LD_RUNPATH_SEARCH_PATHS = (
					"$(inherited)",
					"@executable_path/Frameworks",
				);
				MARKETING_VERSION = 1.0;
				PRODUCT_BUNDLE_IDENTIFIER = com.pal.artem.TestForMixar;
				PRODUCT_NAME = "$(TARGET_NAME)";
				SWIFT_EMIT_LOC_STRINGS = YES;
				SWIFT_VERSION = 5.0;
				TARGETED_DEVICE_FAMILY = "1,2";
			};
			name = Release;
		};
/* End XCBuildConfiguration section */

/* Begin XCConfigurationList section */
		F8417C5C290A7A5200415558 /* Build configuration list for PBXProject "TestForMixar" */ = {
			isa = XCConfigurationList;
			buildConfigurations = (
				F8417C6F290A7A5300415558 /* Debug */,
				F8417C70290A7A5300415558 /* Release */,
			);
			defaultConfigurationIsVisible = 0;
			defaultConfigurationName = Release;
		};
		F8417C71290A7A5300415558 /* Build configuration list for PBXNativeTarget "TestForMixar" */ = {
			isa = XCConfigurationList;
			buildConfigurations = (
				F8417C72290A7A5300415558 /* Debug */,
				F8417C73290A7A5300415558 /* Release */,
			);
			defaultConfigurationIsVisible = 0;
			defaultConfigurationName = Release;
		};
/* End XCConfigurationList section */
	};
	rootObject = F8417C59290A7A5200415558 /* Project object */;
}
